
Microsoft Visual Studio Solution File, Format Version 12.00
# Visual Studio Version 17
VisualStudioVersion = 17.3.32929.385
MinimumVisualStudioVersion = 10.0.40219.1
Project("{FAE04EC0-301F-11D3-BF4B-00C04F79EFBC}") = "LoginForm", "LoginForm\LoginForm.csproj", "{0B689972-D49B-4D3C-8E05-1BF7E6A0994A}"
EndProject
Global
	GlobalSection(SolutionConfigurationPlatforms) = preSolution
		Debug|Any CPU = Debug|Any CPU
		Release|Any CPU = Release|Any CPU
	EndGlobalSection
	GlobalSection(ProjectConfigurationPlatforms) = postSolution
		{0B689972-D49B-4D3C-8E05-1BF7E6A0994A}.Debug|Any CPU.ActiveCfg = Debug|Any CPU
		{0B689972-D49B-4D3C-8E05-1BF7E6A0994A}.Debug|Any CPU.Build.0 = Debug|Any CPU
		{0B689972-D49B-4D3C-8E05-1BF7E6A0994A}.Release|Any CPU.ActiveCfg = Release|Any CPU
		{0B689972-D49B-4D3C-8E05-1BF7E6A0994A}.Release|Any CPU.Build.0 = Release|Any CPU
	EndGlobalSection
	GlobalSection(SolutionProperties) = preSolution
		HideSolutionNode = FALSE
	EndGlobalSection
	GlobalSection(ExtensibilityGlobals) = postSolution
		SolutionGuid = {15B4984D-DB6C-4A69-A7C2-36183577D266}
	EndGlobalSection
EndGlobal
